
Microsoft Visual Studio Solution File, Format Version 12.00
# Visual Studio Version 17
VisualStudioVersion = 17.1.32328.378
MinimumVisualStudioVersion = 10.0.40219.1
Project("{888888A0-9F3D-457C-B088-3A5042F75D52}") = "yt2mp3", "yt2mp3.pyproj", "{544519C0-B6C7-4956-A738-602E73C8357E}"
EndProject
Global
	GlobalSection(SolutionConfigurationPlatforms) = preSolution
		Debug|Any CPU = Debug|Any CPU
		Release|Any CPU = Release|Any CPU
	EndGlobalSection
	GlobalSection(ProjectConfigurationPlatforms) = postSolution
		{544519C0-B6C7-4956-A738-602E73C8357E}.Debug|Any CPU.ActiveCfg = Debug|Any CPU
		{544519C0-B6C7-4956-A738-602E73C8357E}.Release|Any CPU.ActiveCfg = Release|Any CPU
	EndGlobalSection
	GlobalSection(SolutionProperties) = preSolution
		HideSolutionNode = FALSE
	EndGlobalSection
	GlobalSection(ExtensibilityGlobals) = postSolution
		SolutionGuid = {A21839F8-5E7D-4014-B0F1-D78F867B0B42}
	EndGlobalSection
EndGlobal
